
Microsoft Visual Studio Solution File, Format Version 12.00
# Visual Studio Version 17
VisualStudioVersion = 17.13.35825.156
MinimumVisualStudioVersion = 10.0.40219.1
Project("{FAE04EC0-301F-11D3-BF4B-00C04F79EFBC}") = "BalanceLedgerApi", "BalanceLedgerApi.csproj", "{257383AB-998B-47F7-8A8E-AB962D14E42B}"
EndProject
Project("{FAE04EC0-301F-11D3-BF4B-00C04F79EFBC}") = "BalanceLedgerApi.Test", "..\BalanceLedger.Test\BalanceLedgerApi.Test.csproj", "{71D6D58D-EDEC-4721-BC87-79114C84183D}"
EndProject
Global
	GlobalSection(SolutionConfigurationPlatforms) = preSolution
		Debug|Any CPU = Debug|Any CPU
		Release|Any CPU = Release|Any CPU
	EndGlobalSection
	GlobalSection(ProjectConfigurationPlatforms) = postSolution
		{257383AB-998B-47F7-8A8E-AB962D14E42B}.Debug|Any CPU.ActiveCfg = Debug|Any CPU
		{257383AB-998B-47F7-8A8E-AB962D14E42B}.Debug|Any CPU.Build.0 = Debug|Any CPU
		{257383AB-998B-47F7-8A8E-AB962D14E42B}.Release|Any CPU.ActiveCfg = Release|Any CPU
		{257383AB-998B-47F7-8A8E-AB962D14E42B}.Release|Any CPU.Build.0 = Release|Any CPU
		{71D6D58D-EDEC-4721-BC87-79114C84183D}.Debug|Any CPU.ActiveCfg = Debug|Any CPU
		{71D6D58D-EDEC-4721-BC87-79114C84183D}.Debug|Any CPU.Build.0 = Debug|Any CPU
		{71D6D58D-EDEC-4721-BC87-79114C84183D}.Release|Any CPU.ActiveCfg = Release|Any CPU
		{71D6D58D-EDEC-4721-BC87-79114C84183D}.Release|Any CPU.Build.0 = Release|Any CPU
	EndGlobalSection
	GlobalSection(SolutionProperties) = preSolution
		HideSolutionNode = FALSE
	EndGlobalSection
	GlobalSection(ExtensibilityGlobals) = postSolution
		SolutionGuid = {69AF781D-F516-4EC8-9879-6C30AAC26D10}
	EndGlobalSection
EndGlobal
